Microsoft Visual Studio Solution File, Format Version 12.00
# Visual Studio Version 17
VisualStudioVersion = 17.5.2.0
MinimumVisualStudioVersion = 10.0.40219.1
Project("{2150E333-8FDC-42A3-9474-1A3956D46DE8}") = "src", "src", "{827E0CD3-B72D-47B6-A68D-7590B98EB39B}"
EndProject
Project("{2150E333-8FDC-42A3-9474-1A3956D46DE8}") = "backend", "backend", "{FE360695-3F2B-1049-3887-35FBB5135923}"
EndProject
Project("{FAE04EC0-301F-11D3-BF4B-00C04F79EFBC}") = "API", "api\API.csproj", "{600E711B-1A73-768F-93F8-1A26C4691C8C}"
EndProject
Project("{2150E333-8FDC-42A3-9474-1A3956D46DE8}") = "API (1)", "API (1)", "{D4F0CBB8-404E-892A-3069-70295D339DC0}"
EndProject
Project("{2150E333-8FDC-42A3-9474-1A3956D46DE8}") = "obj", "obj", "{AC11920C-C651-CD48-44C8-9AE704F8A8B5}"
EndProject
Project("{2150E333-8FDC-42A3-9474-1A3956D46DE8}") = "Debug", "Debug", "{54D90A5F-6FAE-93B3-F459-8B604EFF7841}"
EndProject
Project("{2150E333-8FDC-42A3-9474-1A3956D46DE8}") = "net8.0", "net8.0", "{FF10C63D-8ADD-B247-01ED-B65DD2D14832}"
EndProject
Project("{FAE04EC0-301F-11D3-BF4B-00C04F79EFBC}") = "WorkerExtensions", "src\backend\API\obj\Debug\net8.0\WorkerExtensions\WorkerExtensions.csproj", "{F38A2851-0782-6705-4D37-1CA2C4650CBB}"
EndProject
Project("{2150E333-8FDC-42A3-9474-1A3956D46DE8}") = "tests", "tests", "{3ED8B44E-C953-49AC-AC17-546F67C5C979}"
EndProject
Project("{FAE04EC0-301F-11D3-BF4B-00C04F79EFBC}") = "API.Tests", "tests\API.Tests\API.Tests.csproj", "{9503E29A-A8A9-4514-AB32-187D0CD92A6B}"
EndProject
Global
	GlobalSection(SolutionConfigurationPlatforms) = preSolution
		Debug|Any CPU = Debug|Any CPU
		Release|Any CPU = Release|Any CPU
	EndGlobalSection
	GlobalSection(ProjectConfigurationPlatforms) = postSolution
		{600E711B-1A73-768F-93F8-1A26C4691C8C}.Debug|Any CPU.ActiveCfg = Debug|Any CPU
		{600E711B-1A73-768F-93F8-1A26C4691C8C}.Debug|Any CPU.Build.0 = Debug|Any CPU
		{600E711B-1A73-768F-93F8-1A26C4691C8C}.Release|Any CPU.ActiveCfg = Release|Any CPU
		{600E711B-1A73-768F-93F8-1A26C4691C8C}.Release|Any CPU.Build.0 = Release|Any CPU
		{F38A2851-0782-6705-4D37-1CA2C4650CBB}.Debug|Any CPU.ActiveCfg = Debug|Any CPU
		{F38A2851-0782-6705-4D37-1CA2C4650CBB}.Debug|Any CPU.Build.0 = Debug|Any CPU
		{F38A2851-0782-6705-4D37-1CA2C4650CBB}.Release|Any CPU.ActiveCfg = Release|Any CPU
		{F38A2851-0782-6705-4D37-1CA2C4650CBB}.Release|Any CPU.Build.0 = Release|Any CPU
		{9503E29A-A8A9-4514-AB32-187D0CD92A6B}.Debug|Any CPU.ActiveCfg = Debug|Any CPU
		{9503E29A-A8A9-4514-AB32-187D0CD92A6B}.Debug|Any CPU.Build.0 = Debug|Any CPU
		{9503E29A-A8A9-4514-AB32-187D0CD92A6B}.Release|Any CPU.ActiveCfg = Release|Any CPU
		{9503E29A-A8A9-4514-AB32-187D0CD92A6B}.Release|Any CPU.Build.0 = Release|Any CPU
	EndGlobalSection
	GlobalSection(SolutionProperties) = preSolution
		HideSolutionNode = FALSE
	EndGlobalSection
	GlobalSection(NestedProjects) = preSolution
		{FE360695-3F2B-1049-3887-35FBB5135923} = {827E0CD3-B72D-47B6-A68D-7590B98EB39B}
		{600E711B-1A73-768F-93F8-1A26C4691C8C} = {FE360695-3F2B-1049-3887-35FBB5135923}
		{D4F0CBB8-404E-892A-3069-70295D339DC0} = {FE360695-3F2B-1049-3887-35FBB5135923}
		{AC11920C-C651-CD48-44C8-9AE704F8A8B5} = {D4F0CBB8-404E-892A-3069-70295D339DC0}
		{54D90A5F-6FAE-93B3-F459-8B604EFF7841} = {AC11920C-C651-CD48-44C8-9AE704F8A8B5}
		{FF10C63D-8ADD-B247-01ED-B65DD2D14832} = {54D90A5F-6FAE-93B3-F459-8B604EFF7841}
		{F38A2851-0782-6705-4D37-1CA2C4650CBB} = {FF10C63D-8ADD-B247-01ED-B65DD2D14832}
		{9503E29A-A8A9-4514-AB32-187D0CD92A6B} = {3ED8B44E-C953-49AC-AC17-546F67C5C979}
	EndGlobalSection
	GlobalSection(ExtensibilityGlobals) = postSolution
		SolutionGuid = {E633652E-6221-483D-A2A9-275C4FB85895}
	EndGlobalSection
EndGlobal
